Microsoft Visual Studio Solution File, Format Version 12.00
# Visual Studio Version 16
VisualStudioVersion = 16.0.31729.503
MinimumVisualStudioVersion = 10.0.40219.1
Project("{FAE04EC0-301F-11D3-BF4B-00C04F79EFBC}") = "WoW Calculator", "WoW Calculator\WoW Calculator.csproj", "{43BDDBA0-8CCC-43D4-AC9E-5308AB648EAB}"
EndProject
Global
	GlobalSection(SolutionConfigurationPlatforms) = preSolution
		Debug|Any CPU = Debug|Any CPU
		Release|Any CPU = Release|Any CPU
	EndGlobalSection
	GlobalSection(ProjectConfigurationPlatforms) = postSolution
		{43BDDBA0-8CCC-43D4-AC9E-5308AB648EAB}.Debug|Any CPU.ActiveCfg = Debug|Any CPU
		{43BDDBA0-8CCC-43D4-AC9E-5308AB648EAB}.Debug|Any CPU.Build.0 = Debug|Any CPU
		{43BDDBA0-8CCC-43D4-AC9E-5308AB648EAB}.Release|Any CPU.ActiveCfg = Release|Any CPU
		{43BDDBA0-8CCC-43D4-AC9E-5308AB648EAB}.Release|Any CPU.Build.0 = Release|Any CPU
	EndGlobalSection
	GlobalSection(SolutionProperties) = preSolution
		HideSolutionNode = FALSE
	EndGlobalSection
	GlobalSection(ExtensibilityGlobals) = postSolution
		SolutionGuid = {F4AE15FD-ECF1-4272-99D8-443C680A9C98}
	EndGlobalSection
EndGlobal
